
Microsoft Visual Studio Solution File, Format Version 12.00
# Visual Studio 14
VisualStudioVersion = 14.0.23107.0
MinimumVisualStudioVersion = 10.0.40219.1
Project("{2150E333-8FDC-42A3-9474-1A3956D46DE8}") = "Character_Model", "Character_Model", "{C730DE05-8D9F-44C1-8302-9B81E23FBC9D}"
EndProject
Project("{8BC9CEB8-8B4A-11D0-8D11-00A0C91BC942}") = "Character_Model.Shared", "Character_Model\Character_Model.Shared\Character_Model.Shared.vcxitems", "{E59FC035-F0F7-46A8-B45C-E4A694D2D2DC}"
EndProject
Project("{8BC9CEB8-8B4A-11D0-8D11-00A0C91BC942}") = "Character_Model.Windows", "Character_Model\Character_Model.Windows\Character_Model.Windows.vcxproj", "{83384373-BBC2-4AD6-908F-D6F437A36900}"
EndProject
Project("{8BC9CEB8-8B4A-11D0-8D11-00A0C91BC942}") = "Character_Model.WindowsPhone", "Character_Model\Character_Model.WindowsPhone\Character_Model.WindowsPhone.vcxproj", "{FFBD69B7-9AAA-4E56-9378-9CF32DCCB210}"
EndProject
Project("{2150E333-8FDC-42A3-9474-1A3956D46DE8}") = "Database", "Database", "{D82C2648-BF10-47F5-8C32-A322CE10AC47}"
EndProject
Project("{8BC9CEB8-8B4A-11D0-8D11-00A0C91BC942}") = "Database.Shared", "Database\Database.Shared\Database.Shared.vcxitems", "{A199BFAF-FAE4-402F-B996-CE986AD05B35}"
EndProject
Project("{8BC9CEB8-8B4A-11D0-8D11-00A0C91BC942}") = "Database.Windows", "Database\Database.Windows\Database.Windows.vcxproj", "{38340FE4-276A-4FD1-B012-190C9B767898}"
	ProjectSection(ProjectDependencies) = postProject
		{83384373-BBC2-4AD6-908F-D6F437A36900} = {83384373-BBC2-4AD6-908F-D6F437A36900}
	EndProjectSection
EndProject
Project("{8BC9CEB8-8B4A-11D0-8D11-00A0C91BC942}") = "Database.WindowsPhone", "Database\Database.WindowsPhone\Database.WindowsPhone.vcxproj", "{257BFCE0-D6B9-4213-984A-A1731F5F184C}"
	ProjectSection(ProjectDependencies) = postProject
		{FFBD69B7-9AAA-4E56-9378-9CF32DCCB210} = {FFBD69B7-9AAA-4E56-9378-9CF32DCCB210}
	EndProjectSection
EndProject
Project("{2150E333-8FDC-42A3-9474-1A3956D46DE8}") = "Exception_Manager", "Exception_Manager", "{855D3BA9-01FE-485E-9C2C-67F590BDBF3F}"
EndProject
Project("{8BC9CEB8-8B4A-11D0-8D11-00A0C91BC942}") = "Exception_Manager.Shared", "Exception_Manager\Exception_Manager.Shared\Exception_Manager.Shared.vcxitems", "{00DC7983-2F55-41F2-BC93-1E9B339D40B1}"
EndProject
Project("{8BC9CEB8-8B4A-11D0-8D11-00A0C91BC942}") = "Exception_Manager.Windows", "Exception_Manager\Exception_Manager.Windows\Exception_Manager.Windows.vcxproj", "{97D59A77-7938-418E-94EC-0D9794100D37}"
EndProject
Project("{8BC9CEB8-8B4A-11D0-8D11-00A0C91BC942}") = "Exception_Manager.WindowsPhone", "Exception_Manager\Exception_Manager.WindowsPhone\Exception_Manager.WindowsPhone.vcxproj", "{C562EC28-8A9E-491B-98F6-DDFAB7C0ABCF}"
EndProject
Project("{FAE04EC0-301F-11D3-BF4B-00C04F79EFBC}") = "Database_View", "Database_View\Database_View.csproj", "{5CC9FF55-D7BD-4EDB-B68E-F6C7F1DBA00F}"
EndProject
Project("{8BC9CEB8-8B4A-11D0-8D11-00A0C91BC942}") = "NativeAccessor", "NativeAccessor\NativeAccessor.vcxproj", "{B6755974-86E4-4CD1-9F15-730D818F92BE}"
EndProject
Project("{8BC9CEB8-8B4A-11D0-8D11-00A0C91BC942}") = "NativeTest", "NativeTest\NativeTest.vcxproj", "{EA39A6EA-7928-49DE-A0DD-4C8A4CE41B3C}"
EndProject
Global
	GlobalSection(SharedMSBuildProjectFiles) = preSolution
		Exception_Manager\Exception_Manager.Shared\Exception_Manager.Shared.vcxitems*{c562ec28-8a9e-491b-98f6-ddfab7c0abcf}*SharedItemsImports = 4
		Database\Database.Shared\Database.Shared.vcxitems*{a199bfaf-fae4-402f-b996-ce986ad05b35}*SharedItemsImports = 9
		Character_Model\Character_Model.Shared\Character_Model.Shared.vcxitems*{ea39a6ea-7928-49de-a0dd-4c8a4ce41b3c}*SharedItemsImports = 4
		Exception_Manager\Exception_Manager.Shared\Exception_Manager.Shared.vcxitems*{ea39a6ea-7928-49de-a0dd-4c8a4ce41b3c}*SharedItemsImports = 4
		Database\Database.Shared\Database.Shared.vcxitems*{ea39a6ea-7928-49de-a0dd-4c8a4ce41b3c}*SharedItemsImports = 4
		Exception_Manager\Exception_Manager.Shared\Exception_Manager.Shared.vcxitems*{97d59a77-7938-418e-94ec-0d9794100d37}*SharedItemsImports = 4
		Character_Model\Character_Model.Shared\Character_Model.Shared.vcxitems*{83384373-bbc2-4ad6-908f-d6f437a36900}*SharedItemsImports = 4
		Character_Model\Character_Model.Shared\Character_Model.Shared.vcxitems*{e59fc035-f0f7-46a8-b45c-e4a694d2d2dc}*SharedItemsImports = 9
		Character_Model\Character_Model.Shared\Character_Model.Shared.vcxitems*{ffbd69b7-9aaa-4e56-9378-9cf32dccb210}*SharedItemsImports = 4
		Database\Database.Shared\Database.Shared.vcxitems*{38340fe4-276a-4fd1-b012-190c9b767898}*SharedItemsImports = 4
		Exception_Manager\Exception_Manager.Shared\Exception_Manager.Shared.vcxitems*{00dc7983-2f55-41f2-bc93-1e9b339d40b1}*SharedItemsImports = 9
		Character_Model\Character_Model.Shared\Character_Model.Shared.vcxitems*{b6755974-86e4-4cd1-9f15-730d818f92be}*SharedItemsImports = 4
		Exception_Manager\Exception_Manager.Shared\Exception_Manager.Shared.vcxitems*{b6755974-86e4-4cd1-9f15-730d818f92be}*SharedItemsImports = 4
		Database\Database.Shared\Database.Shared.vcxitems*{b6755974-86e4-4cd1-9f15-730d818f92be}*SharedItemsImports = 4
		Database\Database.Shared\Database.Shared.vcxitems*{257bfce0-d6b9-4213-984a-a1731f5f184c}*SharedItemsImports = 4
	EndGlobalSection
	GlobalSection(SolutionConfigurationPlatforms) = preSolution
		Debug|Any CPU = Debug|Any CPU
		Debug|ARM = Debug|ARM
		Debug|x64 = Debug|x64
		Debug|x86 = Debug|x86
		Release|Any CPU = Release|Any CPU
		Release|ARM = Release|ARM
		Release|x64 = Release|x64
		Release|x86 = Release|x86
	EndGlobalSection
	GlobalSection(ProjectConfigurationPlatforms) = postSolution
		{83384373-BBC2-4AD6-908F-D6F437A36900}.Debug|Any CPU.ActiveCfg = Debug|Win32
		{83384373-BBC2-4AD6-908F-D6F437A36900}.Debug|ARM.ActiveCfg = Debug|ARM
		{83384373-BBC2-4AD6-908F-D6F437A36900}.Debug|ARM.Build.0 = Debug|ARM
		{83384373-BBC2-4AD6-908F-D6F437A36900}.Debug|x64.ActiveCfg = Debug|x64
		{83384373-BBC2-4AD6-908F-D6F437A36900}.Debug|x64.Build.0 = Debug|x64
		{83384373-BBC2-4AD6-908F-D6F437A36900}.Debug|x86.ActiveCfg = Debug|Win32
		{83384373-BBC2-4AD6-908F-D6F437A36900}.Debug|x86.Build.0 = Debug|Win32
		{83384373-BBC2-4AD6-908F-D6F437A36900}.Release|Any CPU.ActiveCfg = Release|Win32
		{83384373-BBC2-4AD6-908F-D6F437A36900}.Release|ARM.ActiveCfg = Release|ARM
		{83384373-BBC2-4AD6-908F-D6F437A36900}.Release|ARM.Build.0 = Release|ARM
		{83384373-BBC2-4AD6-908F-D6F437A36900}.Release|x64.ActiveCfg = Release|x64
		{83384373-BBC2-4AD6-908F-D6F437A36900}.Release|x64.Build.0 = Release|x64
		{83384373-BBC2-4AD6-908F-D6F437A36900}.Release|x86.ActiveCfg = Release|Win32
		{83384373-BBC2-4AD6-908F-D6F437A36900}.Release|x86.Build.0 = Release|Win32
		{FFBD69B7-9AAA-4E56-9378-9CF32DCCB210}.Debug|Any CPU.ActiveCfg = Debug|Win32
		{FFBD69B7-9AAA-4E56-9378-9CF32DCCB210}.Debug|ARM.ActiveCfg = Debug|ARM
		{FFBD69B7-9AAA-4E56-9378-9CF32DCCB210}.Debug|ARM.Build.0 = Debug|ARM
		{FFBD69B7-9AAA-4E56-9378-9CF32DCCB210}.Debug|x64.ActiveCfg = Debug|Win32
		{FFBD69B7-9AAA-4E56-9378-9CF32DCCB210}.Debug|x86.ActiveCfg = Debug|Win32
		{FFBD69B7-9AAA-4E56-9378-9CF32DCCB210}.Debug|x86.Build.0 = Debug|Win32
		{FFBD69B7-9AAA-4E56-9378-9CF32DCCB210}.Release|Any CPU.ActiveCfg = Release|Win32
		{FFBD69B7-9AAA-4E56-9378-9CF32DCCB210}.Release|ARM.ActiveCfg = Release|ARM
		{FFBD69B7-9AAA-4E56-9378-9CF32DCCB210}.Release|ARM.Build.0 = Release|ARM
		{FFBD69B7-9AAA-4E56-9378-9CF32DCCB210}.Release|x64.ActiveCfg = Release|Win32
		{FFBD69B7-9AAA-4E56-9378-9CF32DCCB210}.Release|x86.ActiveCfg = Release|Win32
		{FFBD69B7-9AAA-4E56-9378-9CF32DCCB210}.Release|x86.Build.0 = Release|Win32
		{38340FE4-276A-4FD1-B012-190C9B767898}.Debug|Any CPU.ActiveCfg = Debug|Win32
		{38340FE4-276A-4FD1-B012-190C9B767898}.Debug|ARM.ActiveCfg = Debug|ARM
		{38340FE4-276A-4FD1-B012-190C9B767898}.Debug|ARM.Build.0 = Debug|ARM
		{38340FE4-276A-4FD1-B012-190C9B767898}.Debug|x64.ActiveCfg = Debug|x64
		{38340FE4-276A-4FD1-B012-190C9B767898}.Debug|x64.Build.0 = Debug|x64
		{38340FE4-276A-4FD1-B012-190C9B767898}.Debug|x86.ActiveCfg = Debug|Win32
		{38340FE4-276A-4FD1-B012-190C9B767898}.Debug|x86.Build.0 = Debug|Win32
		{38340FE4-276A-4FD1-B012-190C9B767898}.Release|Any CPU.ActiveCfg = Release|Win32
		{38340FE4-276A-4FD1-B012-190C9B767898}.Release|ARM.ActiveCfg = Release|ARM
		{38340FE4-276A-4FD1-B012-190C9B767898}.Release|ARM.Build.0 = Release|ARM
		{38340FE4-276A-4FD1-B012-190C9B767898}.Release|x64.ActiveCfg = Release|x64
		{38340FE4-276A-4FD1-B012-190C9B767898}.Release|x64.Build.0 = Release|x64
		{38340FE4-276A-4FD1-B012-190C9B767898}.Release|x86.ActiveCfg = Release|Win32
		{38340FE4-276A-4FD1-B012-190C9B767898}.Release|x86.Build.0 = Release|Win32
		{257BFCE0-D6B9-4213-984A-A1731F5F184C}.Debug|Any CPU.ActiveCfg = Debug|Win32
		{257BFCE0-D6B9-4213-984A-A1731F5F184C}.Debug|ARM.ActiveCfg = Debug|ARM
		{257BFCE0-D6B9-4213-984A-A1731F5F184C}.Debug|ARM.Build.0 = Debug|ARM
		{257BFCE0-D6B9-4213-984A-A1731F5F184C}.Debug|x64.ActiveCfg = Debug|Win32
		{257BFCE0-D6B9-4213-984A-A1731F5F184C}.Debug|x86.ActiveCfg = Debug|Win32
		{257BFCE0-D6B9-4213-984A-A1731F5F184C}.Debug|x86.Build.0 = Debug|Win32
		{257BFCE0-D6B9-4213-984A-A1731F5F184C}.Release|Any CPU.ActiveCfg = Release|Win32
		{257BFCE0-D6B9-4213-984A-A1731F5F184C}.Release|ARM.ActiveCfg = Release|ARM
		{257BFCE0-D6B9-4213-984A-A1731F5F184C}.Release|ARM.Build.0 = Release|ARM
		{257BFCE0-D6B9-4213-984A-A1731F5F184C}.Release|x64.ActiveCfg = Release|Win32
		{257BFCE0-D6B9-4213-984A-A1731F5F184C}.Release|x86.ActiveCfg = Release|Win32
		{257BFCE0-D6B9-4213-984A-A1731F5F184C}.Release|x86.Build.0 = Release|Win32
		{97D59A77-7938-418E-94EC-0D9794100D37}.Debug|Any CPU.ActiveCfg = Debug|Win32
		{97D59A77-7938-418E-94EC-0D9794100D37}.Debug|ARM.ActiveCfg = Debug|ARM
		{97D59A77-7938-418E-94EC-0D9794100D37}.Debug|ARM.Build.0 = Debug|ARM
		{97D59A77-7938-418E-94EC-0D9794100D37}.Debug|x64.ActiveCfg = Debug|x64
		{97D59A77-7938-418E-94EC-0D9794100D37}.Debug|x64.Build.0 = Debug|x64
		{97D59A77-7938-418E-94EC-0D9794100D37}.Debug|x86.ActiveCfg = Debug|Win32
		{97D59A77-7938-418E-94EC-0D9794100D37}.Debug|x86.Build.0 = Debug|Win32
		{97D59A77-7938-418E-94EC-0D9794100D37}.Release|Any CPU.ActiveCfg = Release|Win32
		{97D59A77-7938-418E-94EC-0D9794100D37}.Release|ARM.ActiveCfg = Release|ARM
		{97D59A77-7938-418E-94EC-0D9794100D37}.Release|ARM.Build.0 = Release|ARM
		{97D59A77-7938-418E-94EC-0D9794100D37}.Release|x64.ActiveCfg = Release|x64
		{97D59A77-7938-418E-94EC-0D9794100D37}.Release|x64.Build.0 = Release|x64
		{97D59A77-7938-418E-94EC-0D9794100D37}.Release|x86.ActiveCfg = Release|Win32
		{97D59A77-7938-418E-94EC-0D9794100D37}.Release|x86.Build.0 = Release|Win32
		{C562EC28-8A9E-491B-98F6-DDFAB7C0ABCF}.Debug|Any CPU.ActiveCfg = Debug|Win32
		{C562EC28-8A9E-491B-98F6-DDFAB7C0ABCF}.Debug|ARM.ActiveCfg = Debug|ARM
		{C562EC28-8A9E-491B-98F6-DDFAB7C0ABCF}.Debug|ARM.Build.0 = Debug|ARM
		{C562EC28-8A9E-491B-98F6-DDFAB7C0ABCF}.Debug|x64.ActiveCfg = Debug|Win32
		{C562EC28-8A9E-491B-98F6-DDFAB7C0ABCF}.Debug|x86.ActiveCfg = Debug|Win32
		{C562EC28-8A9E-491B-98F6-DDFAB7C0ABCF}.Debug|x86.Build.0 = Debug|Win32
		{C562EC28-8A9E-491B-98F6-DDFAB7C0ABCF}.Release|Any CPU.ActiveCfg = Release|Win32
		{C562EC28-8A9E-491B-98F6-DDFAB7C0ABCF}.Release|ARM.ActiveCfg = Release|ARM
		{C562EC28-8A9E-491B-98F6-DDFAB7C0ABCF}.Release|ARM.Build.0 = Release|ARM
		{C562EC28-8A9E-491B-98F6-DDFAB7C0ABCF}.Release|x64.ActiveCfg = Release|Win32
		{C562EC28-8A9E-491B-98F6-DDFAB7C0ABCF}.Release|x86.ActiveCfg = Release|Win32
		{C562EC28-8A9E-491B-98F6-DDFAB7C0ABCF}.Release|x86.Build.0 = Release|Win32
		{5CC9FF55-D7BD-4EDB-B68E-F6C7F1DBA00F}.Debug|Any CPU.ActiveCfg = Debug|Any CPU
		{5CC9FF55-D7BD-4EDB-B68E-F6C7F1DBA00F}.Debug|Any CPU.Build.0 = Debug|Any CPU
		{5CC9FF55-D7BD-4EDB-B68E-F6C7F1DBA00F}.Debug|ARM.ActiveCfg = Debug|Any CPU
		{5CC9FF55-D7BD-4EDB-B68E-F6C7F1DBA00F}.Debug|ARM.Build.0 = Debug|Any CPU
		{5CC9FF55-D7BD-4EDB-B68E-F6C7F1DBA00F}.Debug|x64.ActiveCfg = Debug|Any CPU
		{5CC9FF55-D7BD-4EDB-B68E-F6C7F1DBA00F}.Debug|x64.Build.0 = Debug|Any CPU
		{5CC9FF55-D7BD-4EDB-B68E-F6C7F1DBA00F}.Debug|x86.ActiveCfg = Debug|Any CPU
		{5CC9FF55-D7BD-4EDB-B68E-F6C7F1DBA00F}.Debug|x86.Build.0 = Debug|Any CPU
		{5CC9FF55-D7BD-4EDB-B68E-F6C7F1DBA00F}.Release|Any CPU.ActiveCfg = Release|Any CPU
		{5CC9FF55-D7BD-4EDB-B68E-F6C7F1DBA00F}.Release|Any CPU.Build.0 = Release|Any CPU
		{5CC9FF55-D7BD-4EDB-B68E-F6C7F1DBA00F}.Release|ARM.ActiveCfg = Release|Any CPU
		{5CC9FF55-D7BD-4EDB-B68E-F6C7F1DBA00F}.Release|ARM.Build.0 = Release|Any CPU
		{5CC9FF55-D7BD-4EDB-B68E-F6C7F1DBA00F}.Release|x64.ActiveCfg = Release|Any CPU
		{5CC9FF55-D7BD-4EDB-B68E-F6C7F1DBA00F}.Release|x64.Build.0 = Release|Any CPU
		{5CC9FF55-D7BD-4EDB-B68E-F6C7F1DBA00F}.Release|x86.ActiveCfg = Release|Any CPU
		{5CC9FF55-D7BD-4EDB-B68E-F6C7F1DBA00F}.Release|x86.Build.0 = Release|Any CPU
		{B6755974-86E4-4CD1-9F15-730D818F92BE}.Debug|Any CPU.ActiveCfg = Debug|Win32
		{B6755974-86E4-4CD1-9F15-730D818F92BE}.Debug|ARM.ActiveCfg = Debug|Win32
		{B6755974-86E4-4CD1-9F15-730D818F92BE}.Debug|x64.ActiveCfg = Debug|x64
		{B6755974-86E4-4CD1-9F15-730D818F92BE}.Debug|x64.Build.0 = Debug|x64
		{B6755974-86E4-4CD1-9F15-730D818F92BE}.Debug|x86.ActiveCfg = Debug|Win32
		{B6755974-86E4-4CD1-9F15-730D818F92BE}.Debug|x86.Build.0 = Debug|Win32
		{B6755974-86E4-4CD1-9F15-730D818F92BE}.Release|Any CPU.ActiveCfg = Release|Win32
		{B6755974-86E4-4CD1-9F15-730D818F92BE}.Release|ARM.ActiveCfg = Release|Win32
		{B6755974-86E4-4CD1-9F15-730D818F92BE}.Release|x64.ActiveCfg = Release|x64
		{B6755974-86E4-4CD1-9F15-730D818F92BE}.Release|x64.Build.0 = Release|x64
		{B6755974-86E4-4CD1-9F15-730D818F92BE}.Release|x86.ActiveCfg = Release|Win32
		{B6755974-86E4-4CD1-9F15-730D818F92BE}.Release|x86.Build.0 = Release|Win32
		{EA39A6EA-7928-49DE-A0DD-4C8A4CE41B3C}.Debug|Any CPU.ActiveCfg = Debug|Win32
		{EA39A6EA-7928-49DE-A0DD-4C8A4CE41B3C}.Debug|ARM.ActiveCfg = Debug|Win32
		{EA39A6EA-7928-49DE-A0DD-4C8A4CE41B3C}.Debug|x64.ActiveCfg = Debug|x64
		{EA39A6EA-7928-49DE-A0DD-4C8A4CE41B3C}.Debug|x64.Build.0 = Debug|x64
		{EA39A6EA-7928-49DE-A0DD-4C8A4CE41B3C}.Debug|x86.ActiveCfg = Debug|Win32
		{EA39A6EA-7928-49DE-A0DD-4C8A4CE41B3C}.Debug|x86.Build.0 = Debug|Win32
		{EA39A6EA-7928-49DE-A0DD-4C8A4CE41B3C}.Release|Any CPU.ActiveCfg = Release|Win32
		{EA39A6EA-7928-49DE-A0DD-4C8A4CE41B3C}.Release|ARM.ActiveCfg = Release|Win32
		{EA39A6EA-7928-49DE-A0DD-4C8A4CE41B3C}.Release|x64.ActiveCfg = Release|x64
		{EA39A6EA-7928-49DE-A0DD-4C8A4CE41B3C}.Release|x64.Build.0 = Release|x64
		{EA39A6EA-7928-49DE-A0DD-4C8A4CE41B3C}.Release|x86.ActiveCfg = Release|Win32
		{EA39A6EA-7928-49DE-A0DD-4C8A4CE41B3C}.Release|x86.Build.0 = Release|Win32
	EndGlobalSection
	GlobalSection(SolutionProperties) = preSolution
		HideSolutionNode = FALSE
	EndGlobalSection
	GlobalSection(NestedProjects) = preSolution
		{E59FC035-F0F7-46A8-B45C-E4A694D2D2DC} = {C730DE05-8D9F-44C1-8302-9B81E23FBC9D}
		{83384373-BBC2-4AD6-908F-D6F437A36900} = {C730DE05-8D9F-44C1-8302-9B81E23FBC9D}
		{FFBD69B7-9AAA-4E56-9378-9CF32DCCB210} = {C730DE05-8D9F-44C1-8302-9B81E23FBC9D}
		{A199BFAF-FAE4-402F-B996-CE986AD05B35} = {D82C2648-BF10-47F5-8C32-A322CE10AC47}
		{38340FE4-276A-4FD1-B012-190C9B767898} = {D82C2648-BF10-47F5-8C32-A322CE10AC47}
		{257BFCE0-D6B9-4213-984A-A1731F5F184C} = {D82C2648-BF10-47F5-8C32-A322CE10AC47}
		{00DC7983-2F55-41F2-BC93-1E9B339D40B1} = {855D3BA9-01FE-485E-9C2C-67F590BDBF3F}
		{97D59A77-7938-418E-94EC-0D9794100D37} = {855D3BA9-01FE-485E-9C2C-67F590BDBF3F}
		{C562EC28-8A9E-491B-98F6-DDFAB7C0ABCF} = {855D3BA9-01FE-485E-9C2C-67F590BDBF3F}
	EndGlobalSection
EndGlobal
